<?xml version="1.0" encoding="utf-8"?>
<Project ToolsVersion="4.0" xmlns="http://schemas.microsoft.com/developer/msbuild/2003">
  <ItemGroup>
    <Filter Include="ソース ファイル">
      <UniqueIdentifier>{4FC737F1-C7A5-4376-A066-2A32D752A2FF}</UniqueIdentifier>
      <Extensions>cpp;c;cc;cxx;c++;cppm;ixx;def;odl;idl;hpj;bat;asm;asmx</Extensions>
    </Filter>
    <Filter Include="ヘッダー ファイル">
      <UniqueIdentifier>{93995380-89BD-4b04-88EB-625FBE52EBFB}</UniqueIdentifier>
      <Extensions>h;hh;hpp;hxx;h++;hm;inl;inc;ipp;xsd</Extensions>
    </Filter>
    <Filter Include="リソース ファイル">
      <UniqueIdentifier>{67DA6AB6-F800-4c08-8B7A-83BB121AAD01}</UniqueIdentifier>
      <Extensions>rc;ico;cur;bmp;dlg;rc2;rct;bin;rgs;gif;jpg;jpeg;jpe;resx;tiff;tif;png;wav;mfcribbon-ms</Extensions>
    </Filter>
    <Filter Include="Shaders">
      <UniqueIdentifier>{4f61e79c-80e3-4ec1-a176-e508a03224f1}</UniqueIdentifier>
    </Filter>
    <Filter Include="ソース ファイル\Core">
      <UniqueIdentifier>{d0beb649-7a76-41f9-a982-eb89e6a07be8}</UniqueIdentifier>
    </Filter>
    <Filter Include="ソース ファイル\Scene">
      <UniqueIdentifier>{c0fd6db2-1b0c-4e17-b6df-58353f806ebe}</UniqueIdentifier>
    </Filter>
    <Filter Include="ソース ファイル\Resources">
      <UniqueIdentifier>{aadb2eb4-d430-48a7-a408-4e1ac0455017}</UniqueIdentifier>
    </Filter>
    <Filter Include="ソース ファイル\RenderPass">
      <UniqueIdentifier>{fd277546-5092-4b48-b867-752c7d7357c6}</UniqueIdentifier>
    </Filter>
  </ItemGroup>
  <ItemGroup>
    <ClInclude Include="framework.h">
      <Filter>ヘッダー ファイル</Filter>
    </ClInclude>
    <ClInclude Include="pch.h">
      <Filter>ヘッダー ファイル</Filter>
    </ClInclude>
    <ClInclude Include="Renderer.h">
      <Filter>ヘッダー ファイル</Filter>
    </ClInclude>
    <ClInclude Include="Mesh.h">
      <Filter>ヘッダー ファイル</Filter>
    </ClInclude>
    <ClInclude Include="MeshLoader.h">
      <Filter>ヘッダー ファイル</Filter>
    </ClInclude>
    <ClInclude Include="GraphicsContext.h">
      <Filter>ソース ファイル\Core</Filter>
    </ClInclude>
    <ClInclude Include="Scene.h">
      <Filter>ソース ファイル\Scene</Filter>
    </ClInclude>
    <ClInclude Include="GBuffer.h">
      <Filter>ソース ファイル\Resources</Filter>
    </ClInclude>
    <ClInclude Include="IRenderPass.h">
      <Filter>ヘッダー ファイル</Filter>
    </ClInclude>
    <ClInclude Include="GeometryPass.h">
      <Filter>ヘッダー ファイル</Filter>
    </ClInclude>
    <ClInclude Include="DeferredLightPass.h">
      <Filter>ヘッダー ファイル</Filter>
    </ClInclude>
    <ClInclude Include="ForwardTransparentPass.h">
      <Filter>ヘッダー ファイル</Filter>
    </ClInclude>
    <ClInclude Include="RayTracingPass.h">
      <Filter>ヘッダー ファイル</Filter>
    </ClInclude>
    <ClInclude Include="TemporalDenoiserPass.h">
      <Filter>ヘッダー ファイル</Filter>
    </ClInclude>
    <ClInclude Include="SpatialDenoiserPass.h">
      <Filter>ヘッダー ファイル</Filter>
    </ClInclude>
  </ItemGroup>
  <ItemGroup>
    <ClCompile Include="pch.cpp">
      <Filter>ソース ファイル</Filter>
    </ClCompile>
    <ClCompile Include="Renderer.cpp">
      <Filter>ソース ファイル</Filter>
    </ClCompile>
    <ClCompile Include="export.cpp">
      <Filter>ソース ファイル</Filter>
    </ClCompile>
    <ClCompile Include="MeshLoader.cpp">
      <Filter>ソース ファイル</Filter>
    </ClCompile>
    <ClCompile Include="GraphicsContext.cpp">
      <Filter>ソース ファイル\Core</Filter>
    </ClCompile>
    <ClCompile Include="Scene.cpp">
      <Filter>ソース ファイル\Scene</Filter>
    </ClCompile>
    <ClCompile Include="GBuffer.cpp">
      <Filter>ソース ファイル\Resources</Filter>
    </ClCompile>
    <ClCompile Include="GeometryPass.cpp">
      <Filter>ソース ファイル\RenderPass</Filter>
    </ClCompile>
    <ClCompile Include="DeferredLightPass.cpp">
      <Filter>ソース ファイル\RenderPass</Filter>
    </ClCompile>
    <ClCompile Include="ForwardTransparentPass.cpp">
      <Filter>ソース ファイル\RenderPass</Filter>
    </ClCompile>
    <ClCompile Include="RayTracingPass.cpp">
      <Filter>ソース ファイル\RenderPass</Filter>
    </ClCompile>
    <ClCompile Include="TemporalDenoiserPass.cpp">
      <Filter>ソース ファイル\RenderPass</Filter>
    </ClCompile>
    <ClCompile Include="SpatialDenoiserPass.cpp">
      <Filter>ソース ファイル\RenderPass</Filter>
    </ClCompile>
  </ItemGroup>
  <ItemGroup>
    <None Include="packages.config" />
    <None Include="shaders\LightDef.hlsli">
      <Filter>Shaders</Filter>
    </None>
    <None Include="shaders\PBRCommon.hlsli">
      <Filter>Shaders</Filter>
    </None>
  </ItemGroup>
  <ItemGroup>
    <CustomBuild Include="shaders\BaseColor.hlsl">
      <Filter>Shaders</Filter>
    </CustomBuild>
    <CustomBuild Include="shaders\GBuffer.hlsl">
      <Filter>Shaders</Filter>
    </CustomBuild>
    <CustomBuild Include="shaders\DeferredLight.hlsl">
      <Filter>Shaders</Filter>
    </CustomBuild>
    <CustomBuild Include="shaders\ForwardTransparent.hlsl">
      <Filter>Shaders</Filter>
    </CustomBuild>
    <CustomBuild Include="shaders\Raytracing.hlsl">
      <Filter>Shaders</Filter>
    </CustomBuild>
    <CustomBuild Include="shaders\TemporalAccumulation.hlsl">
      <Filter>Shaders</Filter>
    </CustomBuild>
    <CustomBuild Include="shaders\SpatialFilter.hlsl">
      <Filter>Shaders</Filter>
    </CustomBuild>
  </ItemGroup>
</Project>